{
    "version": 3,
    "terraform_version": "0.11.4",
    "serial": 11,
    "lineage": "1433e902-1090-c053-2a6a-8ac92336f478",
    "modules": [
        {
            "path": [
                "root"
            ],
            "outputs": {},
            "resources": {
                "aws_key_pair.key": {
                    "type": "aws_key_pair",
                    "depends_on": [],
                    "primary": {
                        "id": "test",
                        "attributes": {
                            "id": "test",
                            "key_name": "test",
                            "public_key": "ssh-rsa AAAAB3NzaC1yc2EAAAADAQABAAABAQC8+CXnkZR3vX5zg6uNpqRalYP6yioLU96i6ZhnsV6nalvo8DfM6zhshFkJp5Ll5IJxJOx/tcd64MTOUTQSq2v/0Q3tzO5P/uskaHHy/2M2pG3ciJpqfZ8YIB7Gd6BjyQgBzgsZHcZEp0cOQfW9Z4q7PP/4cOZk3hH7p8p5uSqNnam8t6ISsEELGuA3yoNiF0XMbuQgIpz0gnRNdtYlbZxXrXESBJdLYwkE1IyHK9kkn4FCGkorThNpNcwFBdhlgEIJKnyLzx6Vd4W6r23qaxukdvjCtUu4E+fObdc6XkT0qztmkl9HYEJQ/gb/6XULpP48a66Y4I1UfS9hH+ryfNwR staging_key"
                        },
                        "meta": {
                            "schema_version": "1"
                        },
                        "tainted": false
                    },
                    "deposed": [],
                    "provider": "provider.aws"
                }
            },
            "depends_on": []
        },
        {
            "path": [
                "root",
                "networking"
            ],
            "outputs": {
                "default_sg_id": {
                    "sensitive": false,
                    "type": "string",
                    "value": "sg-00e3f4150d85f6823"
                },
                "private_subnet_id": {
                    "sensitive": false,
                    "type": "string",
                    "value": "subnet-08e9d6338e8be6aa6"
                },
                "public_subnet_id": {
                    "sensitive": false,
                    "type": "string",
                    "value": "subnet-0ae83349d509df28b"
                },
                "vpc_id": {
                    "sensitive": false,
                    "type": "string",
                    "value": "vpc-043506b6a8389211e"
                }
            },
            "resources": {
                "aws_eip.nat_eip": {
                    "type": "aws_eip",
                    "depends_on": [],
                    "primary": {
                        "id": "eipalloc-076f563721605cb71",
                        "attributes": {
                            "association_id": "",
                            "domain": "vpc",
                            "id": "eipalloc-076f563721605cb71",
                            "instance": "",
                            "network_interface": "",
                            "private_ip": "",
                            "public_ip": "18.233.126.200",
                            "tags.%": "0",
                            "vpc": "true"
                        },
                        "meta": {},
                        "tainted": false
                    },
                    "deposed": [],
                    "provider": "provider.aws"
                },
                "aws_instance.bastion": {
                    "type": "aws_instance",
                    "depends_on": [
                        "aws_security_group.bastion",
                        "aws_subnet.public_subnet"
                    ],
                    "primary": {
                        "id": "i-06b41e0d2cf0ad864",
                        "attributes": {
                            "ami": "ami-1853ac65",
                            "associate_public_ip_address": "true",
                            "availability_zone": "us-east-1a",
                            "disable_api_termination": "false",
                            "ebs_block_device.#": "0",
                            "ebs_optimized": "false",
                            "ephemeral_block_device.#": "0",
                            "iam_instance_profile": "",
                            "id": "i-06b41e0d2cf0ad864",
                            "instance_state": "running",
                            "instance_type": "t2.micro",
                            "ipv6_addresses.#": "0",
                            "key_name": "test",
                            "monitoring": "true",
                            "network_interface.#": "0",
                            "network_interface_id": "eni-0cf50b96f20fd7047",
                            "placement_group": "",
                            "primary_network_interface_id": "eni-0cf50b96f20fd7047",
                            "private_dns": "ip-10-19-2-167.ec2.internal",
                            "private_ip": "10.19.2.167",
                            "public_dns": "ec2-54-145-205-251.compute-1.amazonaws.com",
                            "public_ip": "54.145.205.251",
                            "root_block_device.#": "1",
                            "root_block_device.0.delete_on_termination": "true",
                            "root_block_device.0.iops": "100",
                            "root_block_device.0.volume_id": "vol-002701b4d9185980d",
                            "root_block_device.0.volume_size": "8",
                            "root_block_device.0.volume_type": "gp2",
                            "security_groups.#": "0",
                            "source_dest_check": "true",
                            "subnet_id": "subnet-0ae83349d509df28b",
                            "tags.%": "2",
                            "tags.Environment": "staging",
                            "tags.Name": "staging-bastion",
                            "tenancy": "default",
                            "volume_tags.%": "0",
                            "vpc_security_group_ids.#": "1",
                            "vpc_security_group_ids.3158445933": "sg-00ed14a0fc7f54397"
                        },
                        "meta": {
                            "e2bfb730-ecaa-11e6-8f88-34363bc7c4c0": {
                                "create": 600000000000,
                                "delete": 1200000000000,
                                "update": 600000000000
                            },
                            "schema_version": "1"
                        },
                        "tainted": false
                    },
                    "deposed": [],
                    "provider": "provider.aws"
                },
                "aws_internet_gateway.ig": {
                    "type": "aws_internet_gateway",
                    "depends_on": [
                        "aws_vpc.vpc"
                    ],
                    "primary": {
                        "id": "igw-0dcbd453ccef4f3be",
                        "attributes": {
                            "id": "igw-0dcbd453ccef4f3be",
                            "tags.%": "2",
                            "tags.Environment": "staging",
                            "tags.Name": "staging-igw",
                            "vpc_id": "vpc-043506b6a8389211e"
                        },
                        "meta": {},
                        "tainted": false
                    },
                    "deposed": [],
                    "provider": "provider.aws"
                },
                "aws_nat_gateway.nat": {
                    "type": "aws_nat_gateway",
                    "depends_on": [
                        "aws_eip.nat_eip",
                        "aws_subnet.public_subnet"
                    ],
                    "primary": {
                        "id": "nat-08d202948691557bf",
                        "attributes": {
                            "allocation_id": "eipalloc-076f563721605cb71",
                            "id": "nat-08d202948691557bf",
                            "network_interface_id": "eni-7e94ef61",
                            "private_ip": "10.19.2.32",
                            "public_ip": "18.233.126.200",
                            "subnet_id": "subnet-0ae83349d509df28b",
                            "tags.%": "0"
                        },
                        "meta": {},
                        "tainted": false
                    },
                    "deposed": [],
                    "provider": "provider.aws"
                },
                "aws_route.private_nat_gateway": {
                    "type": "aws_route",
                    "depends_on": [
                        "aws_nat_gateway.nat",
                        "aws_route_table.private"
                    ],
                    "primary": {
                        "id": "r-rtb-036c805209b4d4e9c1080289494",
                        "attributes": {
                            "destination_cidr_block": "0.0.0.0/0",
                            "destination_prefix_list_id": "",
                            "egress_only_gateway_id": "",
                            "gateway_id": "",
                            "id": "r-rtb-036c805209b4d4e9c1080289494",
                            "instance_id": "",
                            "instance_owner_id": "",
                            "nat_gateway_id": "nat-08d202948691557bf",
                            "network_interface_id": "",
                            "origin": "CreateRoute",
                            "route_table_id": "rtb-036c805209b4d4e9c",
                            "state": "active",
                            "vpc_peering_connection_id": ""
                        },
                        "meta": {
                            "e2bfb730-ecaa-11e6-8f88-34363bc7c4c0": {
                                "create": 120000000000,
                                "delete": 300000000000
                            }
                        },
                        "tainted": false
                    },
                    "deposed": [],
                    "provider": "provider.aws"
                },
                "aws_route.public_internet_gateway": {
                    "type": "aws_route",
                    "depends_on": [
                        "aws_internet_gateway.ig",
                        "aws_route_table.public"
                    ],
                    "primary": {
                        "id": "r-rtb-00fd311319c1a9a361080289494",
                        "attributes": {
                            "destination_cidr_block": "0.0.0.0/0",
                            "destination_prefix_list_id": "",
                            "egress_only_gateway_id": "",
                            "gateway_id": "igw-0dcbd453ccef4f3be",
                            "id": "r-rtb-00fd311319c1a9a361080289494",
                            "instance_id": "",
                            "instance_owner_id": "",
                            "nat_gateway_id": "",
                            "network_interface_id": "",
                            "origin": "CreateRoute",
                            "route_table_id": "rtb-00fd311319c1a9a36",
                            "state": "active",
                            "vpc_peering_connection_id": ""
                        },
                        "meta": {
                            "e2bfb730-ecaa-11e6-8f88-34363bc7c4c0": {
                                "create": 120000000000,
                                "delete": 300000000000
                            }
                        },
                        "tainted": false
                    },
                    "deposed": [],
                    "provider": "provider.aws"
                },
                "aws_route_table.private": {
                    "type": "aws_route_table",
                    "depends_on": [
                        "aws_vpc.vpc"
                    ],
                    "primary": {
                        "id": "rtb-036c805209b4d4e9c",
                        "attributes": {
                            "id": "rtb-036c805209b4d4e9c",
                            "propagating_vgws.#": "0",
                            "route.#": "0",
                            "tags.%": "2",
                            "tags.Environment": "staging",
                            "tags.Name": "staging-private-route-table",
                            "vpc_id": "vpc-043506b6a8389211e"
                        },
                        "meta": {},
                        "tainted": false
                    },
                    "deposed": [],
                    "provider": "provider.aws"
                },
                "aws_route_table.public": {
                    "type": "aws_route_table",
                    "depends_on": [
                        "aws_vpc.vpc"
                    ],
                    "primary": {
                        "id": "rtb-00fd311319c1a9a36",
                        "attributes": {
                            "id": "rtb-00fd311319c1a9a36",
                            "propagating_vgws.#": "0",
                            "route.#": "0",
                            "tags.%": "2",
                            "tags.Environment": "staging",
                            "tags.Name": "staging-public-route-table",
                            "vpc_id": "vpc-043506b6a8389211e"
                        },
                        "meta": {},
                        "tainted": false
                    },
                    "deposed": [],
                    "provider": "provider.aws"
                },
                "aws_route_table_association.private": {
                    "type": "aws_route_table_association",
                    "depends_on": [
                        "aws_route_table.private",
                        "aws_subnet.private_subnet"
                    ],
                    "primary": {
                        "id": "rtbassoc-02d1b7066db91deb9",
                        "attributes": {
                            "id": "rtbassoc-02d1b7066db91deb9",
                            "route_table_id": "rtb-036c805209b4d4e9c",
                            "subnet_id": "subnet-08e9d6338e8be6aa6"
                        },
                        "meta": {},
                        "tainted": false
                    },
                    "deposed": [],
                    "provider": "provider.aws"
                },
                "aws_route_table_association.public": {
                    "type": "aws_route_table_association",
                    "depends_on": [
                        "aws_route_table.public",
                        "aws_subnet.public_subnet"
                    ],
                    "primary": {
                        "id": "rtbassoc-03e0b74598fd0ffb3",
                        "attributes": {
                            "id": "rtbassoc-03e0b74598fd0ffb3",
                            "route_table_id": "rtb-00fd311319c1a9a36",
                            "subnet_id": "subnet-0ae83349d509df28b"
                        },
                        "meta": {},
                        "tainted": false
                    },
                    "deposed": [],
                    "provider": "provider.aws"
                },
                "aws_security_group.bastion": {
                    "type": "aws_security_group",
                    "depends_on": [
                        "aws_vpc.vpc"
                    ],
                    "primary": {
                        "id": "sg-00ed14a0fc7f54397",
                        "attributes": {
                            "description": "Allow SSH to bastion host",
                            "egress.#": "1",
                            "egress.482069346.cidr_blocks.#": "1",
                            "egress.482069346.cidr_blocks.0": "0.0.0.0/0",
                            "egress.482069346.description": "",
                            "egress.482069346.from_port": "0",
                            "egress.482069346.ipv6_cidr_blocks.#": "0",
                            "egress.482069346.prefix_list_ids.#": "0",
                            "egress.482069346.protocol": "-1",
                            "egress.482069346.security_groups.#": "0",
                            "egress.482069346.self": "false",
                            "egress.482069346.to_port": "0",
                            "id": "sg-00ed14a0fc7f54397",
                            "ingress.#": "2",
                            "ingress.2541437006.cidr_blocks.#": "1",
                            "ingress.2541437006.cidr_blocks.0": "0.0.0.0/0",
                            "ingress.2541437006.description": "",
                            "ingress.2541437006.from_port": "22",
                            "ingress.2541437006.ipv6_cidr_blocks.#": "0",
                            "ingress.2541437006.protocol": "tcp",
                            "ingress.2541437006.security_groups.#": "0",
                            "ingress.2541437006.self": "false",
                            "ingress.2541437006.to_port": "22",
                            "ingress.3068409405.cidr_blocks.#": "1",
                            "ingress.3068409405.cidr_blocks.0": "0.0.0.0/0",
                            "ingress.3068409405.description": "",
                            "ingress.3068409405.from_port": "8",
                            "ingress.3068409405.ipv6_cidr_blocks.#": "0",
                            "ingress.3068409405.protocol": "icmp",
                            "ingress.3068409405.security_groups.#": "0",
                            "ingress.3068409405.self": "false",
                            "ingress.3068409405.to_port": "0",
                            "name": "staging-bastion-host",
                            "owner_id": "552362020258",
                            "revoke_rules_on_delete": "false",
                            "tags.%": "2",
                            "tags.Environment": "staging",
                            "tags.Name": "staging-bastion-sg",
                            "vpc_id": "vpc-043506b6a8389211e"
                        },
                        "meta": {
                            "e2bfb730-ecaa-11e6-8f88-34363bc7c4c0": {
                                "create": 600000000000,
                                "delete": 600000000000
                            },
                            "schema_version": "1"
                        },
                        "tainted": false
                    },
                    "deposed": [],
                    "provider": "provider.aws"
                },
                "aws_security_group.default": {
                    "type": "aws_security_group",
                    "depends_on": [
                        "aws_vpc.vpc"
                    ],
                    "primary": {
                        "id": "sg-00e3f4150d85f6823",
                        "attributes": {
                            "description": "Default security group to allow inbound/outbound from the VPC",
                            "egress.#": "1",
                            "egress.753360330.cidr_blocks.#": "0",
                            "egress.753360330.description": "",
                            "egress.753360330.from_port": "0",
                            "egress.753360330.ipv6_cidr_blocks.#": "0",
                            "egress.753360330.prefix_list_ids.#": "0",
                            "egress.753360330.protocol": "-1",
                            "egress.753360330.security_groups.#": "0",
                            "egress.753360330.self": "true",
                            "egress.753360330.to_port": "0",
                            "id": "sg-00e3f4150d85f6823",
                            "ingress.#": "1",
                            "ingress.753360330.cidr_blocks.#": "0",
                            "ingress.753360330.description": "",
                            "ingress.753360330.from_port": "0",
                            "ingress.753360330.ipv6_cidr_blocks.#": "0",
                            "ingress.753360330.protocol": "-1",
                            "ingress.753360330.security_groups.#": "0",
                            "ingress.753360330.self": "true",
                            "ingress.753360330.to_port": "0",
                            "name": "staging-default-sg",
                            "owner_id": "552362020258",
                            "revoke_rules_on_delete": "false",
                            "tags.%": "1",
                            "tags.Environment": "staging",
                            "vpc_id": "vpc-043506b6a8389211e"
                        },
                        "meta": {
                            "e2bfb730-ecaa-11e6-8f88-34363bc7c4c0": {
                                "create": 600000000000,
                                "delete": 600000000000
                            },
                            "schema_version": "1"
                        },
                        "tainted": false
                    },
                    "deposed": [],
                    "provider": "provider.aws"
                },
                "aws_subnet.private_subnet": {
                    "type": "aws_subnet",
                    "depends_on": [
                        "aws_vpc.vpc"
                    ],
                    "primary": {
                        "id": "subnet-08e9d6338e8be6aa6",
                        "attributes": {
                            "assign_ipv6_address_on_creation": "false",
                            "availability_zone": "us-east-1a",
                            "cidr_block": "10.19.1.0/24",
                            "id": "subnet-08e9d6338e8be6aa6",
                            "map_public_ip_on_launch": "false",
                            "tags.%": "2",
                            "tags.Environment": "staging",
                            "tags.Name": "staging-private-subnet",
                            "vpc_id": "vpc-043506b6a8389211e"
                        },
                        "meta": {
                            "schema_version": "1"
                        },
                        "tainted": false
                    },
                    "deposed": [],
                    "provider": "provider.aws"
                },
                "aws_subnet.public_subnet": {
                    "type": "aws_subnet",
                    "depends_on": [
                        "aws_vpc.vpc"
                    ],
                    "primary": {
                        "id": "subnet-0ae83349d509df28b",
                        "attributes": {
                            "assign_ipv6_address_on_creation": "false",
                            "availability_zone": "us-east-1a",
                            "cidr_block": "10.19.2.0/24",
                            "id": "subnet-0ae83349d509df28b",
                            "map_public_ip_on_launch": "true",
                            "tags.%": "2",
                            "tags.Environment": "staging",
                            "tags.Name": "staging-public-subnet",
                            "vpc_id": "vpc-043506b6a8389211e"
                        },
                        "meta": {
                            "schema_version": "1"
                        },
                        "tainted": false
                    },
                    "deposed": [],
                    "provider": "provider.aws"
                },
                "aws_vpc.vpc": {
                    "type": "aws_vpc",
                    "depends_on": [],
                    "primary": {
                        "id": "vpc-043506b6a8389211e",
                        "attributes": {
                            "assign_generated_ipv6_cidr_block": "false",
                            "cidr_block": "10.19.0.0/16",
                            "default_network_acl_id": "acl-098f16168c800b952",
                            "default_route_table_id": "rtb-0d27feb6247d3806d",
                            "default_security_group_id": "sg-0555e85173e31749c",
                            "dhcp_options_id": "dopt-2ed48e56",
                            "enable_classiclink": "false",
                            "enable_classiclink_dns_support": "false",
                            "enable_dns_hostnames": "true",
                            "enable_dns_support": "true",
                            "id": "vpc-043506b6a8389211e",
                            "instance_tenancy": "default",
                            "main_route_table_id": "rtb-0d27feb6247d3806d",
                            "tags.%": "2",
                            "tags.Environment": "staging",
                            "tags.Name": "staging-vpc"
                        },
                        "meta": {
                            "schema_version": "1"
                        },
                        "tainted": false
                    },
                    "deposed": [],
                    "provider": "provider.aws"
                }
            },
            "depends_on": []
        }
    ]
}
