{
    "version": 3,
    "terraform_version": "0.8.7",
    "serial": 7,
    "lineage": "a422ec6e-56ad-4749-8009-6577a3435c1e",
    "modules": [
        {
            "path": [
                "root"
            ],
            "outputs": {},
            "resources": {
                "aws_eip.tuto_eip": {
                    "type": "aws_eip",
                    "depends_on": [
                        "aws_internet_gateway.gw"
                    ],
                    "primary": {
                        "id": "eipalloc-f24a91c3",
                        "attributes": {
                            "association_id": "eipassoc-e30892d2",
                            "domain": "vpc",
                            "id": "eipalloc-f24a91c3",
                            "instance": "",
                            "network_interface": "eni-b3569d74",
                            "private_ip": "10.0.1.174",
                            "public_ip": "52.44.193.180",
                            "vpc": "true"
                        },
                        "meta": {},
                        "tainted": false
                    },
                    "deposed": [],
                    "provider": ""
                },
                "aws_internet_gateway.gw": {
                    "type": "aws_internet_gateway",
                    "depends_on": [
                        "aws_vpc.vpc_tutorial1"
                    ],
                    "primary": {
                        "id": "igw-b35f63d4",
                        "attributes": {
                            "id": "igw-b35f63d4",
                            "tags.%": "1",
                            "tags.Name": "InternetGateway",
                            "vpc_id": "vpc-0985fc6f"
                        },
                        "meta": {},
                        "tainted": false
                    },
                    "deposed": [],
                    "provider": ""
                },
                "aws_nat_gateway.nat": {
                    "type": "aws_nat_gateway",
                    "depends_on": [
                        "aws_eip.tuto_eip",
                        "aws_internet_gateway.gw",
                        "aws_subnet.private_1_subnet_us-east-1b"
                    ],
                    "primary": {
                        "id": "nat-079f21d259ee910be",
                        "attributes": {
                            "allocation_id": "eipalloc-f24a91c3",
                            "id": "nat-079f21d259ee910be",
                            "network_interface_id": "eni-b3569d74",
                            "private_ip": "10.0.1.174",
                            "public_ip": "52.44.193.180",
                            "subnet_id": "subnet-57d68c0c"
                        },
                        "meta": {},
                        "tainted": false
                    },
                    "deposed": [],
                    "provider": ""
                },
                "aws_route.internet_access": {
                    "type": "aws_route",
                    "depends_on": [
                        "aws_internet_gateway.gw",
                        "aws_vpc.vpc_tutorial1"
                    ],
                    "primary": {
                        "id": "r-rtb-53db582a1080289494",
                        "attributes": {
                            "destination_cidr_block": "0.0.0.0/0",
                            "destination_prefix_list_id": "",
                            "gateway_id": "igw-b35f63d4",
                            "id": "r-rtb-53db582a1080289494",
                            "instance_id": "",
                            "instance_owner_id": "",
                            "nat_gateway_id": "",
                            "network_interface_id": "",
                            "origin": "CreateRoute",
                            "route_table_id": "rtb-53db582a",
                            "state": "active",
                            "vpc_peering_connection_id": ""
                        },
                        "meta": {},
                        "tainted": false
                    },
                    "deposed": [],
                    "provider": ""
                },
                "aws_route.private_route": {
                    "type": "aws_route",
                    "depends_on": [
                        "aws_nat_gateway.nat",
                        "aws_route_table.private_route_table"
                    ],
                    "primary": {
                        "id": "r-rtb-38db58411080289494",
                        "attributes": {
                            "destination_cidr_block": "0.0.0.0/0",
                            "destination_prefix_list_id": "",
                            "gateway_id": "",
                            "id": "r-rtb-38db58411080289494",
                            "instance_id": "",
                            "instance_owner_id": "",
                            "nat_gateway_id": "nat-079f21d259ee910be",
                            "network_interface_id": "",
                            "origin": "CreateRoute",
                            "route_table_id": "rtb-38db5841",
                            "state": "active",
                            "vpc_peering_connection_id": ""
                        },
                        "meta": {},
                        "tainted": false
                    },
                    "deposed": [],
                    "provider": ""
                },
                "aws_route_table.private_route_table": {
                    "type": "aws_route_table",
                    "depends_on": [
                        "aws_vpc.vpc_tutorial1"
                    ],
                    "primary": {
                        "id": "rtb-38db5841",
                        "attributes": {
                            "id": "rtb-38db5841",
                            "propagating_vgws.#": "0",
                            "route.#": "1",
                            "route.659154253.cidr_block": "0.0.0.0/0",
                            "route.659154253.gateway_id": "",
                            "route.659154253.instance_id": "",
                            "route.659154253.nat_gateway_id": "nat-079f21d259ee910be",
                            "route.659154253.network_interface_id": "",
                            "route.659154253.vpc_peering_connection_id": "",
                            "tags.%": "1",
                            "tags.Name": "Private route table",
                            "vpc_id": "vpc-0985fc6f"
                        },
                        "meta": {},
                        "tainted": false
                    },
                    "deposed": [],
                    "provider": ""
                },
                "aws_route_table_association.pr_1_subnet_us-east-1b_association": {
                    "type": "aws_route_table_association",
                    "depends_on": [
                        "aws_route_table.private_route_table",
                        "aws_subnet.private_1_subnet_us-east-1b"
                    ],
                    "primary": {
                        "id": "rtbassoc-c588d5bd",
                        "attributes": {
                            "id": "rtbassoc-c588d5bd",
                            "route_table_id": "rtb-38db5841",
                            "subnet_id": "subnet-57d68c0c"
                        },
                        "meta": {},
                        "tainted": false
                    },
                    "deposed": [],
                    "provider": ""
                },
                "aws_route_table_association.pr_2_subnet_us-east-1b_association": {
                    "type": "aws_route_table_association",
                    "depends_on": [
                        "aws_route_table.private_route_table",
                        "aws_subnet.private_2_subnet_us-east-1b"
                    ],
                    "primary": {
                        "id": "rtbassoc-c388d5bb",
                        "attributes": {
                            "id": "rtbassoc-c388d5bb",
                            "route_table_id": "rtb-38db5841",
                            "subnet_id": "subnet-51d68c0a"
                        },
                        "meta": {},
                        "tainted": false
                    },
                    "deposed": [],
                    "provider": ""
                },
                "aws_route_table_association.public_subnet_us-east-1b_association": {
                    "type": "aws_route_table_association",
                    "depends_on": [
                        "aws_subnet.public_subnet_us-east-1b",
                        "aws_vpc.vpc_tutorial1"
                    ],
                    "primary": {
                        "id": "rtbassoc-c688d5be",
                        "attributes": {
                            "id": "rtbassoc-c688d5be",
                            "route_table_id": "rtb-53db582a",
                            "subnet_id": "subnet-50d68c0b"
                        },
                        "meta": {},
                        "tainted": false
                    },
                    "deposed": [],
                    "provider": ""
                },
                "aws_subnet.private_1_subnet_us-east-1b": {
                    "type": "aws_subnet",
                    "depends_on": [
                        "aws_vpc.vpc_tutorial1"
                    ],
                    "primary": {
                        "id": "subnet-57d68c0c",
                        "attributes": {
                            "availability_zone": "us-east-1b",
                            "cidr_block": "10.0.1.0/24",
                            "id": "subnet-57d68c0c",
                            "map_public_ip_on_launch": "false",
                            "tags.%": "1",
                            "tags.Name": "Subnet private 1 az 1b",
                            "vpc_id": "vpc-0985fc6f"
                        },
                        "meta": {},
                        "tainted": false
                    },
                    "deposed": [],
                    "provider": ""
                },
                "aws_subnet.private_2_subnet_us-east-1b": {
                    "type": "aws_subnet",
                    "depends_on": [
                        "aws_vpc.vpc_tutorial1"
                    ],
                    "primary": {
                        "id": "subnet-51d68c0a",
                        "attributes": {
                            "availability_zone": "us-east-1b",
                            "cidr_block": "10.0.2.0/24",
                            "id": "subnet-51d68c0a",
                            "map_public_ip_on_launch": "false",
                            "tags.%": "1",
                            "tags.Name": "Subnet private 2 az 1b",
                            "vpc_id": "vpc-0985fc6f"
                        },
                        "meta": {},
                        "tainted": false
                    },
                    "deposed": [],
                    "provider": ""
                },
                "aws_subnet.public_subnet_us-east-1b": {
                    "type": "aws_subnet",
                    "depends_on": [
                        "aws_vpc.vpc_tutorial1"
                    ],
                    "primary": {
                        "id": "subnet-50d68c0b",
                        "attributes": {
                            "availability_zone": "us-east-1b",
                            "cidr_block": "10.0.0.0/24",
                            "id": "subnet-50d68c0b",
                            "map_public_ip_on_launch": "true",
                            "tags.%": "1",
                            "tags.Name": "Subnet az 1b",
                            "vpc_id": "vpc-0985fc6f"
                        },
                        "meta": {},
                        "tainted": false
                    },
                    "deposed": [],
                    "provider": ""
                },
                "aws_vpc.vpc_tutorial1": {
                    "type": "aws_vpc",
                    "depends_on": [],
                    "primary": {
                        "id": "vpc-0985fc6f",
                        "attributes": {
                            "cidr_block": "10.0.0.0/16",
                            "default_network_acl_id": "acl-4bbfb62d",
                            "default_route_table_id": "rtb-53db582a",
                            "default_security_group_id": "sg-27a7b65b",
                            "dhcp_options_id": "dopt-298cf34d",
                            "enable_classiclink": "false",
                            "enable_dns_hostnames": "false",
                            "enable_dns_support": "false",
                            "id": "vpc-0985fc6f",
                            "instance_tenancy": "default",
                            "main_route_table_id": "rtb-53db582a",
                            "tags.%": "1",
                            "tags.Name": "TestVPC"
                        },
                        "meta": {},
                        "tainted": false
                    },
                    "deposed": [],
                    "provider": ""
                }
            },
            "depends_on": []
        }
    ]
}
